// !$*UTF8*$!
{
	archiveVersion = 1;
	classes = {
	};
	objectVersion = 51;
	objects = {

/* Begin PBXBuildFile section */
		BA10366E25A0DC3E00A07745 /* Models.swift in Sources */ = {isa = PBXBuildFile; fileRef = BA10366D25A0DC3E00A07745 /* Models.swift */; };
		BA4A8FA1259F93A500674FCA /* FormTableViewCell.swift in Sources */ = {isa = PBXBuildFile; fileRef = BA4A8FA0259F93A500674FCA /* FormTableViewCell.swift */; };
		BA4A8FA5259FB71E00674FCA /* PhotoCollectionViewCell.swift in Sources */ = {isa = PBXBuildFile; fileRef = BA4A8FA4259FB71E00674FCA /* PhotoCollectionViewCell.swift */; };
		BA4A8FA9259FB7AF00674FCA /* ProfileInfoHeaderCollectionReusableView.swift in Sources */ = {isa = PBXBuildFile; fileRef = BA4A8FA8259FB7AF00674FCA /* ProfileInfoHeaderCollectionReusableView.swift */; };
		BA4A8FAC259FB80200674FCA /* ProfileTabsCollectionReusableView.swift in Sources */ = {isa = PBXBuildFile; fileRef = BA4A8FAB259FB80200674FCA /* ProfileTabsCollectionReusableView.swift */; };
		BA5F8A6F259BCC1900D572DB /* AppDelegate.swift in Sources */ = {isa = PBXBuildFile; fileRef = BA5F8A6E259BCC1900D572DB /* AppDelegate.swift */; };
		BA5F8A71259BCC1900D572DB /* SceneDelegate.swift in Sources */ = {isa = PBXBuildFile; fileRef = BA5F8A70259BCC1900D572DB /* SceneDelegate.swift */; };
		BA5F8A73259BCC1900D572DB /* HomeViewController.swift in Sources */ = {isa = PBXBuildFile; fileRef = BA5F8A72259BCC1900D572DB /* HomeViewController.swift */; };
		BA5F8A76259BCC1900D572DB /* Main.storyboard in Resources */ = {isa = PBXBuildFile; fileRef = BA5F8A74259BCC1900D572DB /* Main.storyboard */; };
		BA5F8A79259BCC1900D572DB /* Food_Discovery.xcdatamodeld in Sources */ = {isa = PBXBuildFile; fileRef = BA5F8A77259BCC1900D572DB /* Food_Discovery.xcdatamodeld */; };
		BA5F8A7B259BCC1B00D572DB /* Assets.xcassets in Resources */ = {isa = PBXBuildFile; fileRef = BA5F8A7A259BCC1B00D572DB /* Assets.xcassets */; };
		BA5F8A7E259BCC1B00D572DB /* LaunchScreen.storyboard in Resources */ = {isa = PBXBuildFile; fileRef = BA5F8A7C259BCC1B00D572DB /* LaunchScreen.storyboard */; };
		BA5F8A8E259BCE6400D572DB /* ExploreViewController.swift in Sources */ = {isa = PBXBuildFile; fileRef = BA5F8A8D259BCE6400D572DB /* ExploreViewController.swift */; };
		BA5F8A91259BCEAD00D572DB /* CameraViewController.swift in Sources */ = {isa = PBXBuildFile; fileRef = BA5F8A90259BCEAD00D572DB /* CameraViewController.swift */; };
		BA5F8A94259BCEE300D572DB /* NotificationsViewController.swift in Sources */ = {isa = PBXBuildFile; fileRef = BA5F8A93259BCEE300D572DB /* NotificationsViewController.swift */; };
		BA5F8A98259BCF0F00D572DB /* ProfileViewController.swift in Sources */ = {isa = PBXBuildFile; fileRef = BA5F8A97259BCF0F00D572DB /* ProfileViewController.swift */; };
		BA5F8AA0259BCFEC00D572DB /* LoginViewController.swift in Sources */ = {isa = PBXBuildFile; fileRef = BA5F8A9F259BCFEC00D572DB /* LoginViewController.swift */; };
		BA5F8AA4259BD04300D572DB /* RegistrationViewController.swift in Sources */ = {isa = PBXBuildFile; fileRef = BA5F8AA3259BD04300D572DB /* RegistrationViewController.swift */; };
		BA5F8AA7259BD0B300D572DB /* SettingsViewController.swift in Sources */ = {isa = PBXBuildFile; fileRef = BA5F8AA6259BD0B300D572DB /* SettingsViewController.swift */; };
		BA5F8AAA259BD0D900D572DB /* PostViewController.swift in Sources */ = {isa = PBXBuildFile; fileRef = BA5F8AA9259BD0D900D572DB /* PostViewController.swift */; };
		BA5F8AAD259BD0F400D572DB /* EditProfileViewController.swift in Sources */ = {isa = PBXBuildFile; fileRef = BA5F8AAC259BD0F400D572DB /* EditProfileViewController.swift */; };
		BA5F8AB0259BD13800D572DB /* ListViewController.swift in Sources */ = {isa = PBXBuildFile; fileRef = BA5F8AAF259BD13800D572DB /* ListViewController.swift */; };
		BA5F8AB3259BD16E00D572DB /* SearchViewController.swift in Sources */ = {isa = PBXBuildFile; fileRef = BA5F8AB2259BD16E00D572DB /* SearchViewController.swift */; };
		BA5F8ABA259BD1AD00D572DB /* SearchResultViewController.swift in Sources */ = {isa = PBXBuildFile; fileRef = BA5F8AB9259BD1AD00D572DB /* SearchResultViewController.swift */; };
		BA5F8ABD259BD20700D572DB /* PhotoEditorViewController.swift in Sources */ = {isa = PBXBuildFile; fileRef = BA5F8ABC259BD20700D572DB /* PhotoEditorViewController.swift */; };
		BA5F8AC0259BD23100D572DB /* PublishViewController.swift in Sources */ = {isa = PBXBuildFile; fileRef = BA5F8ABF259BD23100D572DB /* PublishViewController.swift */; };
		BA5F8AD7259BDFE400D572DB /* GoogleService-Info.plist in Resources */ = {isa = PBXBuildFile; fileRef = BA5F8AD6259BDFE400D572DB /* GoogleService-Info.plist */; };
		BA5F8ADC259BE5A200D572DB /* DBManager.swift in Sources */ = {isa = PBXBuildFile; fileRef = BA5F8ADB259BE5A200D572DB /* DBManager.swift */; };
		BA5F8ADF259BE6FC00D572DB /* AuthManager.swift in Sources */ = {isa = PBXBuildFile; fileRef = BA5F8ADE259BE6FC00D572DB /* AuthManager.swift */; };
		BA5F8AE2259BE74700D572DB /* StorageManager.swift in Sources */ = {isa = PBXBuildFile; fileRef = BA5F8AE1259BE74700D572DB /* StorageManager.swift */; };
		BA65896C25A80C42008822E4 /* NotificationLikeEventTableViewCell.swift in Sources */ = {isa = PBXBuildFile; fileRef = BA65896B25A80C42008822E4 /* NotificationLikeEventTableViewCell.swift */; };
		BA65896F25A80D3E008822E4 /* UserFollowTableViewCell.swift in Sources */ = {isa = PBXBuildFile; fileRef = BA65896E25A80D3E008822E4 /* UserFollowTableViewCell.swift */; };
		BA65897225A80E63008822E4 /* NotificationFollowEventTableViewCell.swift in Sources */ = {isa = PBXBuildFile; fileRef = BA65897125A80E63008822E4 /* NotificationFollowEventTableViewCell.swift */; };
		BA65897525A80EF9008822E4 /* NoNotificationsView.swift in Sources */ = {isa = PBXBuildFile; fileRef = BA65897425A80EF9008822E4 /* NoNotificationsView.swift */; };
		BA65898D25A811C4008822E4 /* IGFeedPostActionsTableViewCell.swift in Sources */ = {isa = PBXBuildFile; fileRef = BA65898C25A811C4008822E4 /* IGFeedPostActionsTableViewCell.swift */; };
		BA65899025A8120F008822E4 /* IGFeedPostTableViewCell.swift in Sources */ = {isa = PBXBuildFile; fileRef = BA65898F25A8120F008822E4 /* IGFeedPostTableViewCell.swift */; };
		BA65899325A81248008822E4 /* IGFeedPostHeaderTableViewCell.swift in Sources */ = {isa = PBXBuildFile; fileRef = BA65899225A81248008822E4 /* IGFeedPostHeaderTableViewCell.swift */; };
		BA65899625A81281008822E4 /* IGFeedPostGeneralTableViewCell.swift in Sources */ = {isa = PBXBuildFile; fileRef = BA65899525A81281008822E4 /* IGFeedPostGeneralTableViewCell.swift */; };
		BA8B1B4E259CD0F700529703 /* Extensions.swift in Sources */ = {isa = PBXBuildFile; fileRef = BA8B1B4D259CD0F700529703 /* Extensions.swift */; };
		BADCE5E4259ECCCC004D85AA /* FeedPostTableViewCell.swift in Sources */ = {isa = PBXBuildFile; fileRef = BADCE5E3259ECCCC004D85AA /* FeedPostTableViewCell.swift */; };
		BADCE5E8259ECF9C004D85AA /* FeedPostHeaderTableViewCell.swift in Sources */ = {isa = PBXBuildFile; fileRef = BADCE5E7259ECF9C004D85AA /* FeedPostHeaderTableViewCell.swift */; };
		BADCE5EB259ECFDC004D85AA /* FeedPostActionsTableViewCell.swift in Sources */ = {isa = PBXBuildFile; fileRef = BADCE5EA259ECFDC004D85AA /* FeedPostActionsTableViewCell.swift */; };
		BADCE5EE259ED021004D85AA /* FeedPostGeneralTableViewCell.swift in Sources */ = {isa = PBXBuildFile; fileRef = BADCE5ED259ED021004D85AA /* FeedPostGeneralTableViewCell.swift */; };
		EAF966F01B885DEDF7EA7E95 /* Pods_Food_Discovery.framework in Frameworks */ = {isa = PBXBuildFile; fileRef = 925086C3E2D34BC0B05D8FEE /* Pods_Food_Discovery.framework */; };
/* End PBXBuildFile section */

/* Begin PBXFileReference section */
		3A1AA84E6C5A2F1FD1175B21 /* Pods-Food Discovery.debug.xcconfig */ = {isa = PBXFileReference; includeInIndex = 1; lastKnownFileType = text.xcconfig; name = "Pods-Food Discovery.debug.xcconfig"; path = "Target Support Files/Pods-Food Discovery/Pods-Food Discovery.debug.xcconfig"; sourceTree = "<group>"; };
		838618356A65CFD43DAD69E6 /* Pods-Food Discovery.release.xcconfig */ = {isa = PBXFileReference; includeInIndex = 1; lastKnownFileType = text.xcconfig; name = "Pods-Food Discovery.release.xcconfig"; path = "Target Support Files/Pods-Food Discovery/Pods-Food Discovery.release.xcconfig"; sourceTree = "<group>"; };
		925086C3E2D34BC0B05D8FEE /* Pods_Food_Discovery.framework */ = {isa = PBXFileReference; explicitFileType = wrapper.framework; includeInIndex = 0; path = Pods_Food_Discovery.framework; sourceTree = BUILT_PRODUCTS_DIR; };
		BA10366D25A0DC3E00A07745 /* Models.swift */ = {isa = PBXFileReference; lastKnownFileType = sourcecode.swift; path = Models.swift; sourceTree = "<group>"; };
		BA4A8FA0259F93A500674FCA /* FormTableViewCell.swift */ = {isa = PBXFileReference; lastKnownFileType = sourcecode.swift; path = FormTableViewCell.swift; sourceTree = "<group>"; };
		BA4A8FA4259FB71E00674FCA /* PhotoCollectionViewCell.swift */ = {isa = PBXFileReference; lastKnownFileType = sourcecode.swift; path = PhotoCollectionViewCell.swift; sourceTree = "<group>"; };
		BA4A8FA8259FB7AF00674FCA /* ProfileInfoHeaderCollectionReusableView.swift */ = {isa = PBXFileReference; lastKnownFileType = sourcecode.swift; path = ProfileInfoHeaderCollectionReusableView.swift; sourceTree = "<group>"; };
		BA4A8FAB259FB80200674FCA /* ProfileTabsCollectionReusableView.swift */ = {isa = PBXFileReference; lastKnownFileType = sourcecode.swift; path = ProfileTabsCollectionReusableView.swift; sourceTree = "<group>"; };
		BA5F8A6B259BCC1900D572DB /* Food Discovery.app */ = {isa = PBXFileReference; explicitFileType = wrapper.application; includeInIndex = 0; path = "Food Discovery.app"; sourceTree = BUILT_PRODUCTS_DIR; };
		BA5F8A6E259BCC1900D572DB /* AppDelegate.swift */ = {isa = PBXFileReference; lastKnownFileType = sourcecode.swift; path = AppDelegate.swift; sourceTree = "<group>"; };
		BA5F8A70259BCC1900D572DB /* SceneDelegate.swift */ = {isa = PBXFileReference; lastKnownFileType = sourcecode.swift; path = SceneDelegate.swift; sourceTree = "<group>"; };
		BA5F8A72259BCC1900D572DB /* HomeViewController.swift */ = {isa = PBXFileReference; lastKnownFileType = sourcecode.swift; path = HomeViewController.swift; sourceTree = "<group>"; };
		BA5F8A75259BCC1900D572DB /* Base */ = {isa = PBXFileReference; lastKnownFileType = file.storyboard; name = Base; path = Base.lproj/Main.storyboard; sourceTree = "<group>"; };
		BA5F8A78259BCC1900D572DB /* Food_Discovery.xcdatamodel */ = {isa = PBXFileReference; lastKnownFileType = wrapper.xcdatamodel; path = Food_Discovery.xcdatamodel; sourceTree = "<group>"; };
		BA5F8A7A259BCC1B00D572DB /* Assets.xcassets */ = {isa = PBXFileReference; lastKnownFileType = folder.assetcatalog; path = Assets.xcassets; sourceTree = "<group>"; };
		BA5F8A7D259BCC1B00D572DB /* Base */ = {isa = PBXFileReference; lastKnownFileType = file.storyboard; name = Base; path = Base.lproj/LaunchScreen.storyboard; sourceTree = "<group>"; };
		BA5F8A7F259BCC1B00D572DB /* Info.plist */ = {isa = PBXFileReference; lastKnownFileType = text.plist.xml; path = Info.plist; sourceTree = "<group>"; };
		BA5F8A8D259BCE6400D572DB /* ExploreViewController.swift */ = {isa = PBXFileReference; lastKnownFileType = sourcecode.swift; path = ExploreViewController.swift; sourceTree = "<group>"; };
		BA5F8A90259BCEAD00D572DB /* CameraViewController.swift */ = {isa = PBXFileReference; lastKnownFileType = sourcecode.swift; path = CameraViewController.swift; sourceTree = "<group>"; };
		BA5F8A93259BCEE300D572DB /* NotificationsViewController.swift */ = {isa = PBXFileReference; lastKnownFileType = sourcecode.swift; path = NotificationsViewController.swift; sourceTree = "<group>"; };
		BA5F8A97259BCF0F00D572DB /* ProfileViewController.swift */ = {isa = PBXFileReference; lastKnownFileType = sourcecode.swift; path = ProfileViewController.swift; sourceTree = "<group>"; };
		BA5F8A9F259BCFEC00D572DB /* LoginViewController.swift */ = {isa = PBXFileReference; lastKnownFileType = sourcecode.swift; path = LoginViewController.swift; sourceTree = "<group>"; };
		BA5F8AA3259BD04300D572DB /* RegistrationViewController.swift */ = {isa = PBXFileReference; lastKnownFileType = sourcecode.swift; path = RegistrationViewController.swift; sourceTree = "<group>"; };
		BA5F8AA6259BD0B300D572DB /* SettingsViewController.swift */ = {isa = PBXFileReference; lastKnownFileType = sourcecode.swift; path = SettingsViewController.swift; sourceTree = "<group>"; };
		BA5F8AA9259BD0D900D572DB /* PostViewController.swift */ = {isa = PBXFileReference; lastKnownFileType = sourcecode.swift; path = PostViewController.swift; sourceTree = "<group>"; };
		BA5F8AAC259BD0F400D572DB /* EditProfileViewController.swift */ = {isa = PBXFileReference; lastKnownFileType = sourcecode.swift; path = EditProfileViewController.swift; sourceTree = "<group>"; };
		BA5F8AAF259BD13800D572DB /* ListViewController.swift */ = {isa = PBXFileReference; lastKnownFileType = sourcecode.swift; path = ListViewController.swift; sourceTree = "<group>"; };
		BA5F8AB2259BD16E00D572DB /* SearchViewController.swift */ = {isa = PBXFileReference; lastKnownFileType = sourcecode.swift; path = SearchViewController.swift; sourceTree = "<group>"; };
		BA5F8AB9259BD1AD00D572DB /* SearchResultViewController.swift */ = {isa = PBXFileReference; lastKnownFileType = sourcecode.swift; path = SearchResultViewController.swift; sourceTree = "<group>"; };
		BA5F8ABC259BD20700D572DB /* PhotoEditorViewController.swift */ = {isa = PBXFileReference; lastKnownFileType = sourcecode.swift; path = PhotoEditorViewController.swift; sourceTree = "<group>"; };
		BA5F8ABF259BD23100D572DB /* PublishViewController.swift */ = {isa = PBXFileReference; lastKnownFileType = sourcecode.swift; path = PublishViewController.swift; sourceTree = "<group>"; };
		BA5F8AD6259BDFE400D572DB /* GoogleService-Info.plist */ = {isa = PBXFileReference; fileEncoding = 4; lastKnownFileType = text.plist.xml; path = "GoogleService-Info.plist"; sourceTree = "<group>"; };
		BA5F8ADB259BE5A200D572DB /* DBManager.swift */ = {isa = PBXFileReference; lastKnownFileType = sourcecode.swift; path = DBManager.swift; sourceTree = "<group>"; };
		BA5F8ADE259BE6FC00D572DB /* AuthManager.swift */ = {isa = PBXFileReference; lastKnownFileType = sourcecode.swift; path = AuthManager.swift; sourceTree = "<group>"; };
		BA5F8AE1259BE74700D572DB /* StorageManager.swift */ = {isa = PBXFileReference; lastKnownFileType = sourcecode.swift; path = StorageManager.swift; sourceTree = "<group>"; };
		BA65896B25A80C42008822E4 /* NotificationLikeEventTableViewCell.swift */ = {isa = PBXFileReference; lastKnownFileType = sourcecode.swift; path = NotificationLikeEventTableViewCell.swift; sourceTree = "<group>"; };
		BA65896E25A80D3E008822E4 /* UserFollowTableViewCell.swift */ = {isa = PBXFileReference; lastKnownFileType = sourcecode.swift; path = UserFollowTableViewCell.swift; sourceTree = "<group>"; };
		BA65897125A80E63008822E4 /* NotificationFollowEventTableViewCell.swift */ = {isa = PBXFileReference; lastKnownFileType = sourcecode.swift; path = NotificationFollowEventTableViewCell.swift; sourceTree = "<group>"; };
		BA65897425A80EF9008822E4 /* NoNotificationsView.swift */ = {isa = PBXFileReference; lastKnownFileType = sourcecode.swift; path = NoNotificationsView.swift; sourceTree = "<group>"; };
		BA65898C25A811C4008822E4 /* IGFeedPostActionsTableViewCell.swift */ = {isa = PBXFileReference; lastKnownFileType = sourcecode.swift; path = IGFeedPostActionsTableViewCell.swift; sourceTree = "<group>"; };
		BA65898F25A8120F008822E4 /* IGFeedPostTableViewCell.swift */ = {isa = PBXFileReference; lastKnownFileType = sourcecode.swift; path = IGFeedPostTableViewCell.swift; sourceTree = "<group>"; };
		BA65899225A81248008822E4 /* IGFeedPostHeaderTableViewCell.swift */ = {isa = PBXFileReference; lastKnownFileType = sourcecode.swift; path = IGFeedPostHeaderTableViewCell.swift; sourceTree = "<group>"; };
		BA65899525A81281008822E4 /* IGFeedPostGeneralTableViewCell.swift */ = {isa = PBXFileReference; lastKnownFileType = sourcecode.swift; path = IGFeedPostGeneralTableViewCell.swift; sourceTree = "<group>"; };
		BA8B1B4D259CD0F700529703 /* Extensions.swift */ = {isa = PBXFileReference; lastKnownFileType = sourcecode.swift; path = Extensions.swift; sourceTree = "<group>"; };
		BADCE5E3259ECCCC004D85AA /* FeedPostTableViewCell.swift */ = {isa = PBXFileReference; lastKnownFileType = sourcecode.swift; path = FeedPostTableViewCell.swift; sourceTree = "<group>"; };
		BADCE5E7259ECF9C004D85AA /* FeedPostHeaderTableViewCell.swift */ = {isa = PBXFileReference; lastKnownFileType = sourcecode.swift; path = FeedPostHeaderTableViewCell.swift; sourceTree = "<group>"; };
		BADCE5EA259ECFDC004D85AA /* FeedPostActionsTableViewCell.swift */ = {isa = PBXFileReference; lastKnownFileType = sourcecode.swift; path = FeedPostActionsTableViewCell.swift; sourceTree = "<group>"; };
		BADCE5ED259ED021004D85AA /* FeedPostGeneralTableViewCell.swift */ = {isa = PBXFileReference; lastKnownFileType = sourcecode.swift; path = FeedPostGeneralTableViewCell.swift; sourceTree = "<group>"; };
/* End PBXFileReference section */

/* Begin PBXFrameworksBuildPhase section */
		BA5F8A68259BCC1900D572DB /* Frameworks */ = {
			isa = PBXFrameworksBuildPhase;
			buildActionMask = 2147483647;
			files = (
				EAF966F01B885DEDF7EA7E95 /* Pods_Food_Discovery.framework in Frameworks */,
			);
			runOnlyForDeploymentPostprocessing = 0;
		};
/* End PBXFrameworksBuildPhase section */

/* Begin PBXGroup section */
		4884AA146BE71B5B07913637 /* Frameworks */ = {
			isa = PBXGroup;
			children = (
				925086C3E2D34BC0B05D8FEE /* Pods_Food_Discovery.framework */,
			);
			name = Frameworks;
			sourceTree = "<group>";
		};
		BA4A8FA3259FB6D800674FCA /* CollectionView Headers */ = {
			isa = PBXGroup;
			children = (
				BA4A8FA8259FB7AF00674FCA /* ProfileInfoHeaderCollectionReusableView.swift */,
				BA4A8FAB259FB80200674FCA /* ProfileTabsCollectionReusableView.swift */,
			);
			path = "CollectionView Headers";
			sourceTree = "<group>";
		};
		BA5F8A62259BCC1900D572DB = {
			isa = PBXGroup;
			children = (
				BA5F8A6D259BCC1900D572DB /* Food Discovery */,
				BA5F8A6C259BCC1900D572DB /* Products */,
				FBBCA49AD9EB8BC1BEC5221C /* Pods */,
				4884AA146BE71B5B07913637 /* Frameworks */,
			);
			sourceTree = "<group>";
		};
		BA5F8A6C259BCC1900D572DB /* Products */ = {
			isa = PBXGroup;
			children = (
				BA5F8A6B259BCC1900D572DB /* Food Discovery.app */,
			);
			name = Products;
			sourceTree = "<group>";
		};
		BA5F8A6D259BCC1900D572DB /* Food Discovery */ = {
			isa = PBXGroup;
			children = (
				BA5F8A8A259BCC9700D572DB /* Resources */,
				BA5F8A89259BCC7F00D572DB /* Models */,
				BA5F8A88259BCC6700D572DB /* Views */,
				BA5F8A86259BCC4C00D572DB /* Controllers */,
				BA5F8A7F259BCC1B00D572DB /* Info.plist */,
				BA5F8A77259BCC1900D572DB /* Food_Discovery.xcdatamodeld */,
			);
			path = "Food Discovery";
			sourceTree = "<group>";
		};
		BA5F8A86259BCC4C00D572DB /* Controllers */ = {
			isa = PBXGroup;
			children = (
				BA5F8A9D259BCFB900D572DB /* Other */,
				BA5F8A9B259BCF5700D572DB /* Main Tabs */,
			);
			path = Controllers;
			sourceTree = "<group>";
		};
		BA5F8A88259BCC6700D572DB /* Views */ = {
			isa = PBXGroup;
			children = (
				BA4A8FA3259FB6D800674FCA /* CollectionView Headers */,
				BADCE5E2259ECC5A004D85AA /* Cells */,
				BA5F8A8B259BCD2C00D572DB /* Storyboards */,
				BA5F8A7A259BCC1B00D572DB /* Assets.xcassets */,
				BA65897425A80EF9008822E4 /* NoNotificationsView.swift */,
			);
			path = Views;
			sourceTree = "<group>";
		};
		BA5F8A89259BCC7F00D572DB /* Models */ = {
			isa = PBXGroup;
			children = (
				BA10366D25A0DC3E00A07745 /* Models.swift */,
			);
			path = Models;
			sourceTree = "<group>";
		};
		BA5F8A8A259BCC9700D572DB /* Resources */ = {
			isa = PBXGroup;
			children = (
				BA5F8AD6259BDFE400D572DB /* GoogleService-Info.plist */,
				BA5F8A6E259BCC1900D572DB /* AppDelegate.swift */,
				BA5F8A70259BCC1900D572DB /* SceneDelegate.swift */,
				BA5F8ADB259BE5A200D572DB /* DBManager.swift */,
				BA5F8ADE259BE6FC00D572DB /* AuthManager.swift */,
				BA5F8AE1259BE74700D572DB /* StorageManager.swift */,
				BA8B1B4D259CD0F700529703 /* Extensions.swift */,
			);
			path = Resources;
			sourceTree = "<group>";
		};
		BA5F8A8B259BCD2C00D572DB /* Storyboards */ = {
			isa = PBXGroup;
			children = (
				BA5F8A74259BCC1900D572DB /* Main.storyboard */,
				BA5F8A7C259BCC1B00D572DB /* LaunchScreen.storyboard */,
			);
			path = Storyboards;
			sourceTree = "<group>";
		};
		BA5F8A9B259BCF5700D572DB /* Main Tabs */ = {
			isa = PBXGroup;
			children = (
				BA5F8A72259BCC1900D572DB /* HomeViewController.swift */,
				BA5F8A8D259BCE6400D572DB /* ExploreViewController.swift */,
				BA5F8A90259BCEAD00D572DB /* CameraViewController.swift */,
				BA5F8A93259BCEE300D572DB /* NotificationsViewController.swift */,
				BA5F8A97259BCF0F00D572DB /* ProfileViewController.swift */,
			);
			path = "Main Tabs";
			sourceTree = "<group>";
		};
		BA5F8A9D259BCFB900D572DB /* Other */ = {
			isa = PBXGroup;
			children = (
				BA5F8A9E259BCFC400D572DB /* LoginOrRegister */,
				BA5F8AD9259BE3D300D572DB /* General */,
			);
			path = Other;
			sourceTree = "<group>";
		};
		BA5F8A9E259BCFC400D572DB /* LoginOrRegister */ = {
			isa = PBXGroup;
			children = (
				BA5F8A9F259BCFEC00D572DB /* LoginViewController.swift */,
				BA5F8AA3259BD04300D572DB /* RegistrationViewController.swift */,
			);
			path = LoginOrRegister;
			sourceTree = "<group>";
		};
		BA5F8AD9259BE3D300D572DB /* General */ = {
			isa = PBXGroup;
			children = (
				BA5F8AA6259BD0B300D572DB /* SettingsViewController.swift */,
				BA5F8AA9259BD0D900D572DB /* PostViewController.swift */,
				BA5F8AAC259BD0F400D572DB /* EditProfileViewController.swift */,
				BA5F8AAF259BD13800D572DB /* ListViewController.swift */,
				BA5F8AB2259BD16E00D572DB /* SearchViewController.swift */,
				BA5F8AB9259BD1AD00D572DB /* SearchResultViewController.swift */,
				BA5F8ABC259BD20700D572DB /* PhotoEditorViewController.swift */,
				BA5F8ABF259BD23100D572DB /* PublishViewController.swift */,
			);
			path = General;
			sourceTree = "<group>";
		};
		BA65896A25A80C20008822E4 /* Notification */ = {
			isa = PBXGroup;
			children = (
				BA65896B25A80C42008822E4 /* NotificationLikeEventTableViewCell.swift */,
				BA65897125A80E63008822E4 /* NotificationFollowEventTableViewCell.swift */,
			);
			path = Notification;
			sourceTree = "<group>";
		};
		BADCE5E2259ECC5A004D85AA /* Cells */ = {
			isa = PBXGroup;
			children = (
				BA65896A25A80C20008822E4 /* Notification */,
				BADCE5E6259ECF48004D85AA /* HomeFeed */,
				BA4A8FA0259F93A500674FCA /* FormTableViewCell.swift */,
				BA4A8FA4259FB71E00674FCA /* PhotoCollectionViewCell.swift */,
				BA65896E25A80D3E008822E4 /* UserFollowTableViewCell.swift */,
			);
			path = Cells;
			sourceTree = "<group>";
		};
		BADCE5E6259ECF48004D85AA /* HomeFeed */ = {
			isa = PBXGroup;
			children = (
				BADCE5E3259ECCCC004D85AA /* FeedPostTableViewCell.swift */,
				BADCE5E7259ECF9C004D85AA /* FeedPostHeaderTableViewCell.swift */,
				BADCE5EA259ECFDC004D85AA /* FeedPostActionsTableViewCell.swift */,
				BADCE5ED259ED021004D85AA /* FeedPostGeneralTableViewCell.swift */,
				BA65898C25A811C4008822E4 /* IGFeedPostActionsTableViewCell.swift */,
				BA65898F25A8120F008822E4 /* IGFeedPostTableViewCell.swift */,
				BA65899225A81248008822E4 /* IGFeedPostHeaderTableViewCell.swift */,
				BA65899525A81281008822E4 /* IGFeedPostGeneralTableViewCell.swift */,
			);
			path = HomeFeed;
			sourceTree = "<group>";
		};
		FBBCA49AD9EB8BC1BEC5221C /* Pods */ = {
			isa = PBXGroup;
			children = (
				3A1AA84E6C5A2F1FD1175B21 /* Pods-Food Discovery.debug.xcconfig */,
				838618356A65CFD43DAD69E6 /* Pods-Food Discovery.release.xcconfig */,
			);
			path = Pods;
			sourceTree = "<group>";
		};
/* End PBXGroup section */

/* Begin PBXNativeTarget section */
		BA5F8A6A259BCC1900D572DB /* Food Discovery */ = {
			isa = PBXNativeTarget;
			buildConfigurationList = BA5F8A82259BCC1B00D572DB /* Build configuration list for PBXNativeTarget "Food Discovery" */;
			buildPhases = (
				C4132F3EDB21E6465459460D /* [CP] Check Pods Manifest.lock */,
				BA5F8A67259BCC1900D572DB /* Sources */,
				BA5F8A68259BCC1900D572DB /* Frameworks */,
				BA5F8A69259BCC1900D572DB /* Resources */,
				DE8E588BE1F2DE4FA1E95DB5 /* [CP] Embed Pods Frameworks */,
			);
			buildRules = (
			);
			dependencies = (
			);
			name = "Food Discovery";
			productName = "Food Discovery";
			productReference = BA5F8A6B259BCC1900D572DB /* Food Discovery.app */;
			productType = "com.apple.product-type.application";
		};
/* End PBXNativeTarget section */

/* Begin PBXProject section */
		BA5F8A63259BCC1900D572DB /* Project object */ = {
			isa = PBXProject;
			attributes = {
				LastSwiftUpdateCheck = 1230;
				LastUpgradeCheck = 1230;
				TargetAttributes = {
					BA5F8A6A259BCC1900D572DB = {
						CreatedOnToolsVersion = 12.3;
					};
				};
			};
			buildConfigurationList = BA5F8A66259BCC1900D572DB /* Build configuration list for PBXProject "Food Discovery" */;
			compatibilityVersion = "Xcode 9.3";
			developmentRegion = en;
			hasScannedForEncodings = 0;
			knownRegions = (
				en,
				Base,
			);
			mainGroup = BA5F8A62259BCC1900D572DB;
			productRefGroup = BA5F8A6C259BCC1900D572DB /* Products */;
			projectDirPath = "";
			projectRoot = "";
			targets = (
				BA5F8A6A259BCC1900D572DB /* Food Discovery */,
			);
		};
/* End PBXProject section */

/* Begin PBXResourcesBuildPhase section */
		BA5F8A69259BCC1900D572DB /* Resources */ = {
			isa = PBXResourcesBuildPhase;
			buildActionMask = 2147483647;
			files = (
				BA5F8A7E259BCC1B00D572DB /* LaunchScreen.storyboard in Resources */,
				BA5F8AD7259BDFE400D572DB /* GoogleService-Info.plist in Resources */,
				BA5F8A7B259BCC1B00D572DB /* Assets.xcassets in Resources */,
				BA5F8A76259BCC1900D572DB /* Main.storyboard in Resources */,
			);
			runOnlyForDeploymentPostprocessing = 0;
		};
/* End PBXResourcesBuildPhase section */

/* Begin PBXShellScriptBuildPhase section */
		C4132F3EDB21E6465459460D /* [CP] Check Pods Manifest.lock */ = {
			isa = PBXShellScriptBuildPhase;
			buildActionMask = 2147483647;
			files = (
			);
			inputFileListPaths = (
			);
			inputPaths = (
				"${PODS_PODFILE_DIR_PATH}/Podfile.lock",
				"${PODS_ROOT}/Manifest.lock",
			);
			name = "[CP] Check Pods Manifest.lock";
			outputFileListPaths = (
			);
			outputPaths = (
				"$(DERIVED_FILE_DIR)/Pods-Food Discovery-checkManifestLockResult.txt",
			);
			runOnlyForDeploymentPostprocessing = 0;
			shellPath = /bin/sh;
			shellScript = "diff \"${PODS_PODFILE_DIR_PATH}/Podfile.lock\" \"${PODS_ROOT}/Manifest.lock\" > /dev/null\nif [ $? != 0 ] ; then\n    # print error to STDERR\n    echo \"error: The sandbox is not in sync with the Podfile.lock. Run 'pod install' or update your CocoaPods installation.\" >&2\n    exit 1\nfi\n# This output is used by Xcode 'outputs' to avoid re-running this script phase.\necho \"SUCCESS\" > \"${SCRIPT_OUTPUT_FILE_0}\"\n";
			showEnvVarsInLog = 0;
		};
		DE8E588BE1F2DE4FA1E95DB5 /* [CP] Embed Pods Frameworks */ = {
			isa = PBXShellScriptBuildPhase;
			buildActionMask = 2147483647;
			files = (
			);
			inputFileListPaths = (
				"${PODS_ROOT}/Target Support Files/Pods-Food Discovery/Pods-Food Discovery-frameworks-${CONFIGURATION}-input-files.xcfilelist",
			);
			name = "[CP] Embed Pods Frameworks";
			outputFileListPaths = (
				"${PODS_ROOT}/Target Support Files/Pods-Food Discovery/Pods-Food Discovery-frameworks-${CONFIGURATION}-output-files.xcfilelist",
			);
			runOnlyForDeploymentPostprocessing = 0;
			shellPath = /bin/sh;
			shellScript = "\"${PODS_ROOT}/Target Support Files/Pods-Food Discovery/Pods-Food Discovery-frameworks.sh\"\n";
			showEnvVarsInLog = 0;
		};
/* End PBXShellScriptBuildPhase section */

/* Begin PBXSourcesBuildPhase section */
		BA5F8A67259BCC1900D572DB /* Sources */ = {
			isa = PBXSourcesBuildPhase;
			buildActionMask = 2147483647;
			files = (
				BA5F8AB3259BD16E00D572DB /* SearchViewController.swift in Sources */,
				BA5F8AAD259BD0F400D572DB /* EditProfileViewController.swift in Sources */,
				BA5F8AAA259BD0D900D572DB /* PostViewController.swift in Sources */,
				BA5F8AE2259BE74700D572DB /* StorageManager.swift in Sources */,
				BADCE5EE259ED021004D85AA /* FeedPostGeneralTableViewCell.swift in Sources */,
				BA5F8AA0259BCFEC00D572DB /* LoginViewController.swift in Sources */,
				BADCE5EB259ECFDC004D85AA /* FeedPostActionsTableViewCell.swift in Sources */,
				BA5F8A73259BCC1900D572DB /* HomeViewController.swift in Sources */,
				BA65899625A81281008822E4 /* IGFeedPostGeneralTableViewCell.swift in Sources */,
				BADCE5E4259ECCCC004D85AA /* FeedPostTableViewCell.swift in Sources */,
				BA5F8AA7259BD0B300D572DB /* SettingsViewController.swift in Sources */,
				BA65897525A80EF9008822E4 /* NoNotificationsView.swift in Sources */,
				BA4A8FA1259F93A500674FCA /* FormTableViewCell.swift in Sources */,
				BA5F8A6F259BCC1900D572DB /* AppDelegate.swift in Sources */,
				BA5F8AB0259BD13800D572DB /* ListViewController.swift in Sources */,
				BA8B1B4E259CD0F700529703 /* Extensions.swift in Sources */,
				BA65897225A80E63008822E4 /* NotificationFollowEventTableViewCell.swift in Sources */,
				BA5F8AC0259BD23100D572DB /* PublishViewController.swift in Sources */,
				BA4A8FA9259FB7AF00674FCA /* ProfileInfoHeaderCollectionReusableView.swift in Sources */,
				BA65899325A81248008822E4 /* IGFeedPostHeaderTableViewCell.swift in Sources */,
				BA5F8ADF259BE6FC00D572DB /* AuthManager.swift in Sources */,
				BA5F8A8E259BCE6400D572DB /* ExploreViewController.swift in Sources */,
				BA65896F25A80D3E008822E4 /* UserFollowTableViewCell.swift in Sources */,
				BA5F8ABD259BD20700D572DB /* PhotoEditorViewController.swift in Sources */,
				BA4A8FAC259FB80200674FCA /* ProfileTabsCollectionReusableView.swift in Sources */,
				BA65896C25A80C42008822E4 /* NotificationLikeEventTableViewCell.swift in Sources */,
				BA5F8AA4259BD04300D572DB /* RegistrationViewController.swift in Sources */,
				BA5F8A79259BCC1900D572DB /* Food_Discovery.xcdatamodeld in Sources */,
				BA65899025A8120F008822E4 /* IGFeedPostTableViewCell.swift in Sources */,
				BA5F8A71259BCC1900D572DB /* SceneDelegate.swift in Sources */,
				BA5F8A94259BCEE300D572DB /* NotificationsViewController.swift in Sources */,
				BA10366E25A0DC3E00A07745 /* Models.swift in Sources */,
				BA5F8A98259BCF0F00D572DB /* ProfileViewController.swift in Sources */,
				BA5F8ABA259BD1AD00D572DB /* SearchResultViewController.swift in Sources */,
				BA5F8ADC259BE5A200D572DB /* DBManager.swift in Sources */,
				BA4A8FA5259FB71E00674FCA /* PhotoCollectionViewCell.swift in Sources */,
				BA65898D25A811C4008822E4 /* IGFeedPostActionsTableViewCell.swift in Sources */,
				BADCE5E8259ECF9C004D85AA /* FeedPostHeaderTableViewCell.swift in Sources */,
				BA5F8A91259BCEAD00D572DB /* CameraViewController.swift in Sources */,
			);
			runOnlyForDeploymentPostprocessing = 0;
		};
/* End PBXSourcesBuildPhase section */

/* Begin PBXVariantGroup section */
		BA5F8A74259BCC1900D572DB /* Main.storyboard */ = {
			isa = PBXVariantGroup;
			children = (
				BA5F8A75259BCC1900D572DB /* Base */,
			);
			name = Main.storyboard;
			sourceTree = "<group>";
		};
		BA5F8A7C259BCC1B00D572DB /* LaunchScreen.storyboard */ = {
			isa = PBXVariantGroup;
			children = (
				BA5F8A7D259BCC1B00D572DB /* Base */,
			);
			name = LaunchScreen.storyboard;
			sourceTree = "<group>";
		};
/* End PBXVariantGroup section */

/* Begin XCBuildConfiguration section */
		BA5F8A80259BCC1B00D572DB /* Debug */ = {
			isa = XCBuildConfiguration;
			buildSettings = {
				ALWAYS_SEARCH_USER_PATHS = NO;
				CLANG_ANALYZER_NONNULL = YES;
				CLANG_ANALYZER_NUMBER_OBJECT_CONVERSION = YES_AGGRESSIVE;
				CLANG_CXX_LANGUAGE_STANDARD = "gnu++14";
				CLANG_CXX_LIBRARY = "libc++";
				CLANG_ENABLE_MODULES = YES;
				CLANG_ENABLE_OBJC_ARC = YES;
				CLANG_ENABLE_OBJC_WEAK = YES;
				CLANG_WARN_BLOCK_CAPTURE_AUTORELEASING = YES;
				CLANG_WARN_BOOL_CONVERSION = YES;
				CLANG_WARN_COMMA = YES;
				CLANG_WARN_CONSTANT_CONVERSION = YES;
				CLANG_WARN_DEPRECATED_OBJC_IMPLEMENTATIONS = YES;
				CLANG_WARN_DIRECT_OBJC_ISA_USAGE = YES_ERROR;
				CLANG_WARN_DOCUMENTATION_COMMENTS = YES;
				CLANG_WARN_EMPTY_BODY = YES;
				CLANG_WARN_ENUM_CONVERSION = YES;
				CLANG_WARN_INFINITE_RECURSION = YES;
				CLANG_WARN_INT_CONVERSION = YES;
				CLANG_WARN_NON_LITERAL_NULL_CONVERSION = YES;
				CLANG_WARN_OBJC_IMPLICIT_RETAIN_SELF = YES;
				CLANG_WARN_OBJC_LITERAL_CONVERSION = YES;
				CLANG_WARN_OBJC_ROOT_CLASS = YES_ERROR;
				CLANG_WARN_QUOTED_INCLUDE_IN_FRAMEWORK_HEADER = YES;
				CLANG_WARN_RANGE_LOOP_ANALYSIS = YES;
				CLANG_WARN_STRICT_PROTOTYPES = YES;
				CLANG_WARN_SUSPICIOUS_MOVE = YES;
				CLANG_WARN_UNGUARDED_AVAILABILITY = YES_AGGRESSIVE;
				CLANG_WARN_UNREACHABLE_CODE = YES;
				CLANG_WARN__DUPLICATE_METHOD_MATCH = YES;
				COPY_PHASE_STRIP = NO;
				DEBUG_INFORMATION_FORMAT = dwarf;
				ENABLE_STRICT_OBJC_MSGSEND = YES;
				ENABLE_TESTABILITY = YES;
				GCC_C_LANGUAGE_STANDARD = gnu11;
				GCC_DYNAMIC_NO_PIC = NO;
				GCC_NO_COMMON_BLOCKS = YES;
				GCC_OPTIMIZATION_LEVEL = 0;
				GCC_PREPROCESSOR_DEFINITIONS = (
					"DEBUG=1",
					"$(inherited)",
				);
				GCC_WARN_64_TO_32_BIT_CONVERSION = YES;
				GCC_WARN_ABOUT_RETURN_TYPE = YES_ERROR;
				GCC_WARN_UNDECLARED_SELECTOR = YES;
				GCC_WARN_UNINITIALIZED_AUTOS = YES_AGGRESSIVE;
				GCC_WARN_UNUSED_FUNCTION = YES;
				GCC_WARN_UNUSED_VARIABLE = YES;
				IPHONEOS_DEPLOYMENT_TARGET = 14.3;
				MTL_ENABLE_DEBUG_INFO = INCLUDE_SOURCE;
				MTL_FAST_MATH = YES;
				ONLY_ACTIVE_ARCH = YES;
				SDKROOT = iphoneos;
				SWIFT_ACTIVE_COMPILATION_CONDITIONS = DEBUG;
				SWIFT_OPTIMIZATION_LEVEL = "-Onone";
			};
			name = Debug;
		};
		BA5F8A81259BCC1B00D572DB /* Release */ = {
			isa = XCBuildConfiguration;
			buildSettings = {
				ALWAYS_SEARCH_USER_PATHS = NO;
				CLANG_ANALYZER_NONNULL = YES;
				CLANG_ANALYZER_NUMBER_OBJECT_CONVERSION = YES_AGGRESSIVE;
				CLANG_CXX_LANGUAGE_STANDARD = "gnu++14";
				CLANG_CXX_LIBRARY = "libc++";
				CLANG_ENABLE_MODULES = YES;
				CLANG_ENABLE_OBJC_ARC = YES;
				CLANG_ENABLE_OBJC_WEAK = YES;
				CLANG_WARN_BLOCK_CAPTURE_AUTORELEASING = YES;
				CLANG_WARN_BOOL_CONVERSION = YES;
				CLANG_WARN_COMMA = YES;
				CLANG_WARN_CONSTANT_CONVERSION = YES;
				CLANG_WARN_DEPRECATED_OBJC_IMPLEMENTATIONS = YES;
				CLANG_WARN_DIRECT_OBJC_ISA_USAGE = YES_ERROR;
				CLANG_WARN_DOCUMENTATION_COMMENTS = YES;
				CLANG_WARN_EMPTY_BODY = YES;
				CLANG_WARN_ENUM_CONVERSION = YES;
				CLANG_WARN_INFINITE_RECURSION = YES;
				CLANG_WARN_INT_CONVERSION = YES;
				CLANG_WARN_NON_LITERAL_NULL_CONVERSION = YES;
				CLANG_WARN_OBJC_IMPLICIT_RETAIN_SELF = YES;
				CLANG_WARN_OBJC_LITERAL_CONVERSION = YES;
				CLANG_WARN_OBJC_ROOT_CLASS = YES_ERROR;
				CLANG_WARN_QUOTED_INCLUDE_IN_FRAMEWORK_HEADER = YES;
				CLANG_WARN_RANGE_LOOP_ANALYSIS = YES;
				CLANG_WARN_STRICT_PROTOTYPES = YES;
				CLANG_WARN_SUSPICIOUS_MOVE = YES;
				CLANG_WARN_UNGUARDED_AVAILABILITY = YES_AGGRESSIVE;
				CLANG_WARN_UNREACHABLE_CODE = YES;
				CLANG_WARN__DUPLICATE_METHOD_MATCH = YES;
				COPY_PHASE_STRIP = NO;
				DEBUG_INFORMATION_FORMAT = "dwarf-with-dsym";
				ENABLE_NS_ASSERTIONS = NO;
				ENABLE_STRICT_OBJC_MSGSEND = YES;
				GCC_C_LANGUAGE_STANDARD = gnu11;
				GCC_NO_COMMON_BLOCKS = YES;
				GCC_WARN_64_TO_32_BIT_CONVERSION = YES;
				GCC_WARN_ABOUT_RETURN_TYPE = YES_ERROR;
				GCC_WARN_UNDECLARED_SELECTOR = YES;
				GCC_WARN_UNINITIALIZED_AUTOS = YES_AGGRESSIVE;
				GCC_WARN_UNUSED_FUNCTION = YES;
				GCC_WARN_UNUSED_VARIABLE = YES;
				IPHONEOS_DEPLOYMENT_TARGET = 14.3;
				MTL_ENABLE_DEBUG_INFO = NO;
				MTL_FAST_MATH = YES;
				SDKROOT = iphoneos;
				SWIFT_COMPILATION_MODE = wholemodule;
				SWIFT_OPTIMIZATION_LEVEL = "-O";
				VALIDATE_PRODUCT = YES;
			};
			name = Release;
		};
		BA5F8A83259BCC1B00D572DB /* Debug */ = {
			isa = XCBuildConfiguration;
			baseConfigurationReference = 3A1AA84E6C5A2F1FD1175B21 /* Pods-Food Discovery.debug.xcconfig */;
			buildSettings = {
				ASSETCATALOG_COMPILER_APPICON_NAME = AppIcon;
				ASSETCATALOG_COMPILER_GLOBAL_ACCENT_COLOR_NAME = AccentColor;
				CODE_SIGN_STYLE = Automatic;
				DEVELOPMENT_TEAM = 4CF2B5T75V;
				INFOPLIST_FILE = "Food Discovery/Info.plist";
				LD_RUNPATH_SEARCH_PATHS = (
					"$(inherited)",
					"@executable_path/Frameworks",
				);
				PRODUCT_BUNDLE_IDENTIFIER = "com.jasper.Food-Discovery";
				PRODUCT_NAME = "$(TARGET_NAME)";
				SWIFT_VERSION = 5.0;
				TARGETED_DEVICE_FAMILY = "1,2";
			};
			name = Debug;
		};
		BA5F8A84259BCC1B00D572DB /* Release */ = {
			isa = XCBuildConfiguration;
			baseConfigurationReference = 838618356A65CFD43DAD69E6 /* Pods-Food Discovery.release.xcconfig */;
			buildSettings = {
				ASSETCATALOG_COMPILER_APPICON_NAME = AppIcon;
				ASSETCATALOG_COMPILER_GLOBAL_ACCENT_COLOR_NAME = AccentColor;
				CODE_SIGN_STYLE = Automatic;
				DEVELOPMENT_TEAM = 4CF2B5T75V;
				INFOPLIST_FILE = "Food Discovery/Info.plist";
				LD_RUNPATH_SEARCH_PATHS = (
					"$(inherited)",
					"@executable_path/Frameworks",
				);
				PRODUCT_BUNDLE_IDENTIFIER = "com.jasper.Food-Discovery";
				PRODUCT_NAME = "$(TARGET_NAME)";
				SWIFT_VERSION = 5.0;
				TARGETED_DEVICE_FAMILY = "1,2";
			};
			name = Release;
		};
/* End XCBuildConfiguration section */

/* Begin XCConfigurationList section */
		BA5F8A66259BCC1900D572DB /* Build configuration list for PBXProject "Food Discovery" */ = {
			isa = XCConfigurationList;
			buildConfigurations = (
				BA5F8A80259BCC1B00D572DB /* Debug */,
				BA5F8A81259BCC1B00D572DB /* Release */,
			);
			defaultConfigurationIsVisible = 0;
			defaultConfigurationName = Release;
		};
		BA5F8A82259BCC1B00D572DB /* Build configuration list for PBXNativeTarget "Food Discovery" */ = {
			isa = XCConfigurationList;
			buildConfigurations = (
				BA5F8A83259BCC1B00D572DB /* Debug */,
				BA5F8A84259BCC1B00D572DB /* Release */,
			);
			defaultConfigurationIsVisible = 0;
			defaultConfigurationName = Release;
		};
/* End XCConfigurationList section */

/* Begin XCVersionGroup section */
		BA5F8A77259BCC1900D572DB /* Food_Discovery.xcdatamodeld */ = {
			isa = XCVersionGroup;
			children = (
				BA5F8A78259BCC1900D572DB /* Food_Discovery.xcdatamodel */,
			);
			currentVersion = BA5F8A78259BCC1900D572DB /* Food_Discovery.xcdatamodel */;
			path = Food_Discovery.xcdatamodeld;
			sourceTree = "<group>";
			versionGroupType = wrapper.xcdatamodel;
		};
/* End XCVersionGroup section */
	};
	rootObject = BA5F8A63259BCC1900D572DB /* Project object */;
}
